
Microsoft Visual Studio Solution File, Format Version 12.00
# Visual Studio Version 17
VisualStudioVersion = 17.9.34622.214
MinimumVisualStudioVersion = 10.0.40219.1
Project("{9A19103F-16F7-4668-BE54-9A1E7A4F7556}") = "TasksEvaluation.Core", "TasksEvaluation.Core\TasksEvaluation.Core.csproj", "{9A27D67A-4CC9-41DE-8715-F2D27DDAED24}"
EndProject
Project("{9A19103F-16F7-4668-BE54-9A1E7A4F7556}") = "TasksEvaluation.DataAccess", "TasksEvaluation.DataAccess\TasksEvaluation.DataAccess.csproj", "{425A5BE6-012D-4944-B72A-279452A2A240}"
EndProject
Project("{FAE04EC0-301F-11D3-BF4B-00C04F79EFBC}") = "Tasks Evaluation.Web", "Tasks Evaluation.Web\Tasks Evaluation.Web.csproj", "{960794C9-22C4-4538-B06E-D10FFFE34AE0}"
EndProject
Global
	GlobalSection(SolutionConfigurationPlatforms) = preSolution
		Debug|Any CPU = Debug|Any CPU
		Release|Any CPU = Release|Any CPU
	EndGlobalSection
	GlobalSection(ProjectConfigurationPlatforms) = postSolution
		{9A27D67A-4CC9-41DE-8715-F2D27DDAED24}.Debug|Any CPU.ActiveCfg = Debug|Any CPU
		{9A27D67A-4CC9-41DE-8715-F2D27DDAED24}.Debug|Any CPU.Build.0 = Debug|Any CPU
		{9A27D67A-4CC9-41DE-8715-F2D27DDAED24}.Release|Any CPU.ActiveCfg = Release|Any CPU
		{9A27D67A-4CC9-41DE-8715-F2D27DDAED24}.Release|Any CPU.Build.0 = Release|Any CPU
		{425A5BE6-012D-4944-B72A-279452A2A240}.Debug|Any CPU.ActiveCfg = Debug|Any CPU
		{425A5BE6-012D-4944-B72A-279452A2A240}.Debug|Any CPU.Build.0 = Debug|Any CPU
		{425A5BE6-012D-4944-B72A-279452A2A240}.Release|Any CPU.ActiveCfg = Release|Any CPU
		{425A5BE6-012D-4944-B72A-279452A2A240}.Release|Any CPU.Build.0 = Release|Any CPU
		{960794C9-22C4-4538-B06E-D10FFFE34AE0}.Debug|Any CPU.ActiveCfg = Debug|Any CPU
		{960794C9-22C4-4538-B06E-D10FFFE34AE0}.Debug|Any CPU.Build.0 = Debug|Any CPU
		{960794C9-22C4-4538-B06E-D10FFFE34AE0}.Release|Any CPU.ActiveCfg = Release|Any CPU
		{960794C9-22C4-4538-B06E-D10FFFE34AE0}.Release|Any CPU.Build.0 = Release|Any CPU
	EndGlobalSection
	GlobalSection(SolutionProperties) = preSolution
		HideSolutionNode = FALSE
	EndGlobalSection
	GlobalSection(ExtensibilityGlobals) = postSolution
		SolutionGuid = {1B737543-9A6D-4260-9ED7-E3DA7FB96B46}
	EndGlobalSection
EndGlobal
